
Microsoft Visual Studio Solution File, Format Version 12.00
# Visual Studio Version 17
VisualStudioVersion = 17.8.34330.188
MinimumVisualStudioVersion = 10.0.40219.1
Project("{FAE04EC0-301F-11D3-BF4B-00C04F79EFBC}") = "ConsoleApp1", "ConsoleApp1\ConsoleApp1.csproj", "{0B5B77BE-FDCB-413D-90EA-3B320EE1BFB9}"
EndProject
Project("{FAE04EC0-301F-11D3-BF4B-00C04F79EFBC}") = "object-oriented programming", "..\..\software\object-oriented programming\object-oriented programming.csproj", "{5C2D7EE9-4825-435B-BF53-5A37554AA45B}"
EndProject
Global
	GlobalSection(SolutionConfigurationPlatforms) = preSolution
		Debug|Any CPU = Debug|Any CPU
		Release|Any CPU = Release|Any CPU
	EndGlobalSection
	GlobalSection(ProjectConfigurationPlatforms) = postSolution
		{0B5B77BE-FDCB-413D-90EA-3B320EE1BFB9}.Debug|Any CPU.ActiveCfg = Debug|Any CPU
		{0B5B77BE-FDCB-413D-90EA-3B320EE1BFB9}.Debug|Any CPU.Build.0 = Debug|Any CPU
		{0B5B77BE-FDCB-413D-90EA-3B320EE1BFB9}.Release|Any CPU.ActiveCfg = Release|Any CPU
		{0B5B77BE-FDCB-413D-90EA-3B320EE1BFB9}.Release|Any CPU.Build.0 = Release|Any CPU
		{5C2D7EE9-4825-435B-BF53-5A37554AA45B}.Debug|Any CPU.ActiveCfg = Debug|Any CPU
		{5C2D7EE9-4825-435B-BF53-5A37554AA45B}.Debug|Any CPU.Build.0 = Debug|Any CPU
		{5C2D7EE9-4825-435B-BF53-5A37554AA45B}.Release|Any CPU.ActiveCfg = Release|Any CPU
		{5C2D7EE9-4825-435B-BF53-5A37554AA45B}.Release|Any CPU.Build.0 = Release|Any CPU
	EndGlobalSection
	GlobalSection(SolutionProperties) = preSolution
		HideSolutionNode = FALSE
	EndGlobalSection
	GlobalSection(ExtensibilityGlobals) = postSolution
		SolutionGuid = {28D17DCA-2F13-4C9A-9E4F-D6A7F5D3C7B6}
	EndGlobalSection
EndGlobal
